
Microsoft Visual Studio Solution File, Format Version 12.00
# Visual Studio Version 16
VisualStudioVersion = 16.0.31829.152
MinimumVisualStudioVersion = 10.0.40219.1
Project("{9A19103F-16F7-4668-BE54-9A1E7A4F7556}") = "01_Framework", "01_Framework\01_Framework.csproj", "{051FEC7C-878C-4EF6-879F-9D5F601FC668}"
EndProject
Project("{2150E333-8FDC-42A3-9474-1A3956D46DE8}") = "ShopManagement", "ShopManagement", "{97866D91-2A71-4610-B10E-A4C9A5972EAA}"
EndProject
Project("{2150E333-8FDC-42A3-9474-1A3956D46DE8}") = "SM.Domain", "SM.Domain", "{D77EC1B4-3765-449D-9CC2-6A00E4B26C76}"
EndProject
Project("{2150E333-8FDC-42A3-9474-1A3956D46DE8}") = "SM.Application", "SM.Application", "{5180285B-DC87-48C1-9256-41A1DC7EB484}"
EndProject
Project("{9A19103F-16F7-4668-BE54-9A1E7A4F7556}") = "ShopManagement.Domain", "ShopManagement.Domain\ShopManagement.Domain.csproj", "{2B5A1BFC-5629-4E34-A1C2-80A476840226}"
EndProject
Project("{9A19103F-16F7-4668-BE54-9A1E7A4F7556}") = "ShopManagement.Application.Contracts", "ShopManagement.Application.Contracts\ShopManagement.Application.Contracts.csproj", "{C7A3ABA1-0C43-4B84-A80B-2009203B0E69}"
EndProject
Project("{9A19103F-16F7-4668-BE54-9A1E7A4F7556}") = "ShopManagement.Application", "ShopManagement.Application\ShopManagement.Application.csproj", "{DE6FC852-A8B0-42BC-A071-02685424320A}"
EndProject
Project("{2150E333-8FDC-42A3-9474-1A3956D46DE8}") = "SM.Infrastructure", "SM.Infrastructure", "{E36975FA-9991-4AFC-B65E-15358E33224A}"
EndProject
Project("{9A19103F-16F7-4668-BE54-9A1E7A4F7556}") = "ShopManagement.Infrastructure.EfCore", "ShopManagement.Infrastructure.EfCore\ShopManagement.Infrastructure.EfCore.csproj", "{CDD96EEB-AB3B-42A4-AD07-6E89363A1142}"
EndProject
Project("{9A19103F-16F7-4668-BE54-9A1E7A4F7556}") = "ShopManagement.Configuration", "ShopManagement.Configuration\ShopManagement.Configuration.csproj", "{68F1C6B4-123B-481D-B9D5-494AA4C960EC}"
EndProject
Project("{9A19103F-16F7-4668-BE54-9A1E7A4F7556}") = "ServiceHost", "ServiceHost\ServiceHost.csproj", "{AD6396A2-68D1-4DE2-9146-54950BE54DE2}"
EndProject
Project("{9A19103F-16F7-4668-BE54-9A1E7A4F7556}") = "02_ErfanShopQuery", "02_ErfanShopQuery\02_ErfanShopQuery.csproj", "{AC82E5A0-E769-49DA-AE73-D85755D0F300}"
EndProject
Project("{2150E333-8FDC-42A3-9474-1A3956D46DE8}") = "DiscountManagement", "DiscountManagement", "{FF98182A-4F53-4B17-957A-A8AFFE587891}"
EndProject
Project("{2150E333-8FDC-42A3-9474-1A3956D46DE8}") = "DM.Domain", "DM.Domain", "{FD227A1F-12AC-4E53-9A0A-8F026520A8B3}"
EndProject
Project("{2150E333-8FDC-42A3-9474-1A3956D46DE8}") = "DM.Application", "DM.Application", "{DD00C8C3-09EE-4AC1-AB65-CEFC605EEC2D}"
EndProject
Project("{2150E333-8FDC-42A3-9474-1A3956D46DE8}") = "DM.Infrastructure", "DM.Infrastructure", "{7B8D941C-B1BB-4785-93DE-D4FBC66F4FE3}"
EndProject
Project("{9A19103F-16F7-4668-BE54-9A1E7A4F7556}") = "DiscountManagement.Domain", "DiscountManagement.Domain\DiscountManagement.Domain.csproj", "{40C2FBF9-FBE9-4AA0-BF1B-365D4B907E97}"
EndProject
Project("{9A19103F-16F7-4668-BE54-9A1E7A4F7556}") = "DiscountManagement.Application.Contracts", "DiscountManagement.Application.Contracts\DiscountManagement.Application.Contracts.csproj", "{DAB1E225-1550-450D-B4E0-2B14496D6306}"
EndProject
Project("{9A19103F-16F7-4668-BE54-9A1E7A4F7556}") = "DiscountManagement.Application", "DiscountManagement.Application\DiscountManagement.Application.csproj", "{BFA189AF-28EF-4A5A-B1A0-B64184AF2836}"
EndProject
Project("{9A19103F-16F7-4668-BE54-9A1E7A4F7556}") = "DiscountManagement.Infrastructure.EfCore", "DiscountManagement.Infrastructure.EfCore\DiscountManagement.Infrastructure.EfCore.csproj", "{B9DFD709-3FBC-41F5-8C33-57B0E1050F6F}"
EndProject
Project("{FAE04EC0-301F-11D3-BF4B-00C04F79EFBC}") = "DiscountManagement.Configuration", "DiscountManagement.Configuration\DiscountManagement.Configuration.csproj", "{D4691D54-135E-4871-A186-0138EB39C6AD}"
EndProject
Global
	GlobalSection(SolutionConfigurationPlatforms) = preSolution
		Debug|Any CPU = Debug|Any CPU
		Release|Any CPU = Release|Any CPU
	EndGlobalSection
	GlobalSection(ProjectConfigurationPlatforms) = postSolution
		{051FEC7C-878C-4EF6-879F-9D5F601FC668}.Debug|Any CPU.ActiveCfg = Debug|Any CPU
		{051FEC7C-878C-4EF6-879F-9D5F601FC668}.Debug|Any CPU.Build.0 = Debug|Any CPU
		{051FEC7C-878C-4EF6-879F-9D5F601FC668}.Release|Any CPU.ActiveCfg = Release|Any CPU
		{051FEC7C-878C-4EF6-879F-9D5F601FC668}.Release|Any CPU.Build.0 = Release|Any CPU
		{2B5A1BFC-5629-4E34-A1C2-80A476840226}.Debug|Any CPU.ActiveCfg = Debug|Any CPU
		{2B5A1BFC-5629-4E34-A1C2-80A476840226}.Debug|Any CPU.Build.0 = Debug|Any CPU
		{2B5A1BFC-5629-4E34-A1C2-80A476840226}.Release|Any CPU.ActiveCfg = Release|Any CPU
		{2B5A1BFC-5629-4E34-A1C2-80A476840226}.Release|Any CPU.Build.0 = Release|Any CPU
		{C7A3ABA1-0C43-4B84-A80B-2009203B0E69}.Debug|Any CPU.ActiveCfg = Debug|Any CPU
		{C7A3ABA1-0C43-4B84-A80B-2009203B0E69}.Debug|Any CPU.Build.0 = Debug|Any CPU
		{C7A3ABA1-0C43-4B84-A80B-2009203B0E69}.Release|Any CPU.ActiveCfg = Release|Any CPU
		{C7A3ABA1-0C43-4B84-A80B-2009203B0E69}.Release|Any CPU.Build.0 = Release|Any CPU
		{DE6FC852-A8B0-42BC-A071-02685424320A}.Debug|Any CPU.ActiveCfg = Debug|Any CPU
		{DE6FC852-A8B0-42BC-A071-02685424320A}.Debug|Any CPU.Build.0 = Debug|Any CPU
		{DE6FC852-A8B0-42BC-A071-02685424320A}.Release|Any CPU.ActiveCfg = Release|Any CPU
		{DE6FC852-A8B0-42BC-A071-02685424320A}.Release|Any CPU.Build.0 = Release|Any CPU
		{CDD96EEB-AB3B-42A4-AD07-6E89363A1142}.Debug|Any CPU.ActiveCfg = Debug|Any CPU
		{CDD96EEB-AB3B-42A4-AD07-6E89363A1142}.Debug|Any CPU.Build.0 = Debug|Any CPU
		{CDD96EEB-AB3B-42A4-AD07-6E89363A1142}.Release|Any CPU.ActiveCfg = Release|Any CPU
		{CDD96EEB-AB3B-42A4-AD07-6E89363A1142}.Release|Any CPU.Build.0 = Release|Any CPU
		{68F1C6B4-123B-481D-B9D5-494AA4C960EC}.Debug|Any CPU.ActiveCfg = Debug|Any CPU
		{68F1C6B4-123B-481D-B9D5-494AA4C960EC}.Debug|Any CPU.Build.0 = Debug|Any CPU
		{68F1C6B4-123B-481D-B9D5-494AA4C960EC}.Release|Any CPU.ActiveCfg = Release|Any CPU
		{68F1C6B4-123B-481D-B9D5-494AA4C960EC}.Release|Any CPU.Build.0 = Release|Any CPU
		{AD6396A2-68D1-4DE2-9146-54950BE54DE2}.Debug|Any CPU.ActiveCfg = Debug|Any CPU
		{AD6396A2-68D1-4DE2-9146-54950BE54DE2}.Debug|Any CPU.Build.0 = Debug|Any CPU
		{AD6396A2-68D1-4DE2-9146-54950BE54DE2}.Release|Any CPU.ActiveCfg = Release|Any CPU
		{AD6396A2-68D1-4DE2-9146-54950BE54DE2}.Release|Any CPU.Build.0 = Release|Any CPU
		{AC82E5A0-E769-49DA-AE73-D85755D0F300}.Debug|Any CPU.ActiveCfg = Debug|Any CPU
		{AC82E5A0-E769-49DA-AE73-D85755D0F300}.Debug|Any CPU.Build.0 = Debug|Any CPU
		{AC82E5A0-E769-49DA-AE73-D85755D0F300}.Release|Any CPU.ActiveCfg = Release|Any CPU
		{AC82E5A0-E769-49DA-AE73-D85755D0F300}.Release|Any CPU.Build.0 = Release|Any CPU
		{40C2FBF9-FBE9-4AA0-BF1B-365D4B907E97}.Debug|Any CPU.ActiveCfg = Debug|Any CPU
		{40C2FBF9-FBE9-4AA0-BF1B-365D4B907E97}.Debug|Any CPU.Build.0 = Debug|Any CPU
		{40C2FBF9-FBE9-4AA0-BF1B-365D4B907E97}.Release|Any CPU.ActiveCfg = Release|Any CPU
		{40C2FBF9-FBE9-4AA0-BF1B-365D4B907E97}.Release|Any CPU.Build.0 = Release|Any CPU
		{DAB1E225-1550-450D-B4E0-2B14496D6306}.Debug|Any CPU.ActiveCfg = Debug|Any CPU
		{DAB1E225-1550-450D-B4E0-2B14496D6306}.Debug|Any CPU.Build.0 = Debug|Any CPU
		{DAB1E225-1550-450D-B4E0-2B14496D6306}.Release|Any CPU.ActiveCfg = Release|Any CPU
		{DAB1E225-1550-450D-B4E0-2B14496D6306}.Release|Any CPU.Build.0 = Release|Any CPU
		{BFA189AF-28EF-4A5A-B1A0-B64184AF2836}.Debug|Any CPU.ActiveCfg = Debug|Any CPU
		{BFA189AF-28EF-4A5A-B1A0-B64184AF2836}.Debug|Any CPU.Build.0 = Debug|Any CPU
		{BFA189AF-28EF-4A5A-B1A0-B64184AF2836}.Release|Any CPU.ActiveCfg = Release|Any CPU
		{BFA189AF-28EF-4A5A-B1A0-B64184AF2836}.Release|Any CPU.Build.0 = Release|Any CPU
		{B9DFD709-3FBC-41F5-8C33-57B0E1050F6F}.Debug|Any CPU.ActiveCfg = Debug|Any CPU
		{B9DFD709-3FBC-41F5-8C33-57B0E1050F6F}.Debug|Any CPU.Build.0 = Debug|Any CPU
		{B9DFD709-3FBC-41F5-8C33-57B0E1050F6F}.Release|Any CPU.ActiveCfg = Release|Any CPU
		{B9DFD709-3FBC-41F5-8C33-57B0E1050F6F}.Release|Any CPU.Build.0 = Release|Any CPU
		{D4691D54-135E-4871-A186-0138EB39C6AD}.Debug|Any CPU.ActiveCfg = Debug|Any CPU
		{D4691D54-135E-4871-A186-0138EB39C6AD}.Debug|Any CPU.Build.0 = Debug|Any CPU
		{D4691D54-135E-4871-A186-0138EB39C6AD}.Release|Any CPU.ActiveCfg = Release|Any CPU
		{D4691D54-135E-4871-A186-0138EB39C6AD}.Release|Any CPU.Build.0 = Release|Any CPU
	EndGlobalSection
	GlobalSection(SolutionProperties) = preSolution
		HideSolutionNode = FALSE
	EndGlobalSection
	GlobalSection(NestedProjects) = preSolution
		{D77EC1B4-3765-449D-9CC2-6A00E4B26C76} = {97866D91-2A71-4610-B10E-A4C9A5972EAA}
		{5180285B-DC87-48C1-9256-41A1DC7EB484} = {97866D91-2A71-4610-B10E-A4C9A5972EAA}
		{2B5A1BFC-5629-4E34-A1C2-80A476840226} = {D77EC1B4-3765-449D-9CC2-6A00E4B26C76}
		{C7A3ABA1-0C43-4B84-A80B-2009203B0E69} = {5180285B-DC87-48C1-9256-41A1DC7EB484}
		{DE6FC852-A8B0-42BC-A071-02685424320A} = {5180285B-DC87-48C1-9256-41A1DC7EB484}
		{E36975FA-9991-4AFC-B65E-15358E33224A} = {97866D91-2A71-4610-B10E-A4C9A5972EAA}
		{CDD96EEB-AB3B-42A4-AD07-6E89363A1142} = {E36975FA-9991-4AFC-B65E-15358E33224A}
		{68F1C6B4-123B-481D-B9D5-494AA4C960EC} = {E36975FA-9991-4AFC-B65E-15358E33224A}
		{FD227A1F-12AC-4E53-9A0A-8F026520A8B3} = {FF98182A-4F53-4B17-957A-A8AFFE587891}
		{DD00C8C3-09EE-4AC1-AB65-CEFC605EEC2D} = {FF98182A-4F53-4B17-957A-A8AFFE587891}
		{7B8D941C-B1BB-4785-93DE-D4FBC66F4FE3} = {FF98182A-4F53-4B17-957A-A8AFFE587891}
		{40C2FBF9-FBE9-4AA0-BF1B-365D4B907E97} = {FD227A1F-12AC-4E53-9A0A-8F026520A8B3}
		{DAB1E225-1550-450D-B4E0-2B14496D6306} = {DD00C8C3-09EE-4AC1-AB65-CEFC605EEC2D}
		{BFA189AF-28EF-4A5A-B1A0-B64184AF2836} = {DD00C8C3-09EE-4AC1-AB65-CEFC605EEC2D}
		{B9DFD709-3FBC-41F5-8C33-57B0E1050F6F} = {7B8D941C-B1BB-4785-93DE-D4FBC66F4FE3}
		{D4691D54-135E-4871-A186-0138EB39C6AD} = {7B8D941C-B1BB-4785-93DE-D4FBC66F4FE3}
	EndGlobalSection
	GlobalSection(ExtensibilityGlobals) = postSolution
		SolutionGuid = {CF47520C-FBA9-461A-9A18-64814FAE3095}
	EndGlobalSection
EndGlobal
