
Microsoft Visual Studio Solution File, Format Version 12.00
# Visual Studio Version 16
VisualStudioVersion = 16.0.31829.152
MinimumVisualStudioVersion = 10.0.40219.1
Project("{9A19103F-16F7-4668-BE54-9A1E7A4F7556}") = "01_Framework", "01_Framework\01_Framework.csproj", "{051FEC7C-878C-4EF6-879F-9D5F601FC668}"
EndProject
Project("{2150E333-8FDC-42A3-9474-1A3956D46DE8}") = "ShopManagement", "ShopManagement", "{97866D91-2A71-4610-B10E-A4C9A5972EAA}"
EndProject
Project("{2150E333-8FDC-42A3-9474-1A3956D46DE8}") = "SM.Domain", "SM.Domain", "{D77EC1B4-3765-449D-9CC2-6A00E4B26C76}"
EndProject
Project("{2150E333-8FDC-42A3-9474-1A3956D46DE8}") = "SM.Application", "SM.Application", "{5180285B-DC87-48C1-9256-41A1DC7EB484}"
EndProject
Project("{9A19103F-16F7-4668-BE54-9A1E7A4F7556}") = "ShopManagement.Domain", "ShopManagement.Domain\ShopManagement.Domain.csproj", "{2B5A1BFC-5629-4E34-A1C2-80A476840226}"
EndProject
Project("{9A19103F-16F7-4668-BE54-9A1E7A4F7556}") = "ShopManagement.Application.Contracts", "ShopManagement.Application.Contracts\ShopManagement.Application.Contracts.csproj", "{C7A3ABA1-0C43-4B84-A80B-2009203B0E69}"
EndProject
Project("{9A19103F-16F7-4668-BE54-9A1E7A4F7556}") = "ShopManagement.Application", "ShopManagement.Application\ShopManagement.Application.csproj", "{DE6FC852-A8B0-42BC-A071-02685424320A}"
EndProject
Project("{2150E333-8FDC-42A3-9474-1A3956D46DE8}") = "SM.Infrastructure", "SM.Infrastructure", "{E36975FA-9991-4AFC-B65E-15358E33224A}"
EndProject
Project("{FAE04EC0-301F-11D3-BF4B-00C04F79EFBC}") = "ShopManagement.Infrastructure.EfCore", "ShopManagement.Infrastructure.EfCore\ShopManagement.Infrastructure.EfCore.csproj", "{CDD96EEB-AB3B-42A4-AD07-6E89363A1142}"
EndProject
Project("{FAE04EC0-301F-11D3-BF4B-00C04F79EFBC}") = "ShopManagement.Configuration", "ShopManagement.Configuration\ShopManagement.Configuration.csproj", "{68F1C6B4-123B-481D-B9D5-494AA4C960EC}"
EndProject
Global
	GlobalSection(SolutionConfigurationPlatforms) = preSolution
		Debug|Any CPU = Debug|Any CPU
		Release|Any CPU = Release|Any CPU
	EndGlobalSection
	GlobalSection(ProjectConfigurationPlatforms) = postSolution
		{051FEC7C-878C-4EF6-879F-9D5F601FC668}.Debug|Any CPU.ActiveCfg = Debug|Any CPU
		{051FEC7C-878C-4EF6-879F-9D5F601FC668}.Debug|Any CPU.Build.0 = Debug|Any CPU
		{051FEC7C-878C-4EF6-879F-9D5F601FC668}.Release|Any CPU.ActiveCfg = Release|Any CPU
		{051FEC7C-878C-4EF6-879F-9D5F601FC668}.Release|Any CPU.Build.0 = Release|Any CPU
		{2B5A1BFC-5629-4E34-A1C2-80A476840226}.Debug|Any CPU.ActiveCfg = Debug|Any CPU
		{2B5A1BFC-5629-4E34-A1C2-80A476840226}.Debug|Any CPU.Build.0 = Debug|Any CPU
		{2B5A1BFC-5629-4E34-A1C2-80A476840226}.Release|Any CPU.ActiveCfg = Release|Any CPU
		{2B5A1BFC-5629-4E34-A1C2-80A476840226}.Release|Any CPU.Build.0 = Release|Any CPU
		{C7A3ABA1-0C43-4B84-A80B-2009203B0E69}.Debug|Any CPU.ActiveCfg = Debug|Any CPU
		{C7A3ABA1-0C43-4B84-A80B-2009203B0E69}.Debug|Any CPU.Build.0 = Debug|Any CPU
		{C7A3ABA1-0C43-4B84-A80B-2009203B0E69}.Release|Any CPU.ActiveCfg = Release|Any CPU
		{C7A3ABA1-0C43-4B84-A80B-2009203B0E69}.Release|Any CPU.Build.0 = Release|Any CPU
		{DE6FC852-A8B0-42BC-A071-02685424320A}.Debug|Any CPU.ActiveCfg = Debug|Any CPU
		{DE6FC852-A8B0-42BC-A071-02685424320A}.Debug|Any CPU.Build.0 = Debug|Any CPU
		{DE6FC852-A8B0-42BC-A071-02685424320A}.Release|Any CPU.ActiveCfg = Release|Any CPU
		{DE6FC852-A8B0-42BC-A071-02685424320A}.Release|Any CPU.Build.0 = Release|Any CPU
		{CDD96EEB-AB3B-42A4-AD07-6E89363A1142}.Debug|Any CPU.ActiveCfg = Debug|Any CPU
		{CDD96EEB-AB3B-42A4-AD07-6E89363A1142}.Debug|Any CPU.Build.0 = Debug|Any CPU
		{CDD96EEB-AB3B-42A4-AD07-6E89363A1142}.Release|Any CPU.ActiveCfg = Release|Any CPU
		{CDD96EEB-AB3B-42A4-AD07-6E89363A1142}.Release|Any CPU.Build.0 = Release|Any CPU
		{68F1C6B4-123B-481D-B9D5-494AA4C960EC}.Debug|Any CPU.ActiveCfg = Debug|Any CPU
		{68F1C6B4-123B-481D-B9D5-494AA4C960EC}.Debug|Any CPU.Build.0 = Debug|Any CPU
		{68F1C6B4-123B-481D-B9D5-494AA4C960EC}.Release|Any CPU.ActiveCfg = Release|Any CPU
		{68F1C6B4-123B-481D-B9D5-494AA4C960EC}.Release|Any CPU.Build.0 = Release|Any CPU
	EndGlobalSection
	GlobalSection(SolutionProperties) = preSolution
		HideSolutionNode = FALSE
	EndGlobalSection
	GlobalSection(NestedProjects) = preSolution
		{D77EC1B4-3765-449D-9CC2-6A00E4B26C76} = {97866D91-2A71-4610-B10E-A4C9A5972EAA}
		{5180285B-DC87-48C1-9256-41A1DC7EB484} = {97866D91-2A71-4610-B10E-A4C9A5972EAA}
		{2B5A1BFC-5629-4E34-A1C2-80A476840226} = {D77EC1B4-3765-449D-9CC2-6A00E4B26C76}
		{C7A3ABA1-0C43-4B84-A80B-2009203B0E69} = {5180285B-DC87-48C1-9256-41A1DC7EB484}
		{DE6FC852-A8B0-42BC-A071-02685424320A} = {5180285B-DC87-48C1-9256-41A1DC7EB484}
		{E36975FA-9991-4AFC-B65E-15358E33224A} = {97866D91-2A71-4610-B10E-A4C9A5972EAA}
		{CDD96EEB-AB3B-42A4-AD07-6E89363A1142} = {E36975FA-9991-4AFC-B65E-15358E33224A}
		{68F1C6B4-123B-481D-B9D5-494AA4C960EC} = {E36975FA-9991-4AFC-B65E-15358E33224A}
	EndGlobalSection
	GlobalSection(ExtensibilityGlobals) = postSolution
		SolutionGuid = {CF47520C-FBA9-461A-9A18-64814FAE3095}
	EndGlobalSection
EndGlobal
